
Microsoft Visual Studio Solution File, Format Version 12.00
# Visual Studio Version 17
VisualStudioVersion = 17.12.35527.113 d17.12
MinimumVisualStudioVersion = 10.0.40219.1
Project("{FAE04EC0-301F-11D3-BF4B-00C04F79EFBC}") = "fnRentProcess", "fnRentProcess\fnRentProcess.csproj", "{DA29A6F0-0E2E-4494-8A30-48B053D7BA04}"
EndProject
Project("{FAE04EC0-301F-11D3-BF4B-00C04F79EFBC}") = "fnSBRentProcess", "fnSBRentProcess\fnSBRentProcess.csproj", "{96447D12-2A00-46B6-AFA1-3A773421BE4D}"
EndProject
Project("{FAE04EC0-301F-11D3-BF4B-00C04F79EFBC}") = "fnPaymanet", "fnPaymanet\fnPaymanet.csproj", "{DCB4BA67-81CF-4570-8989-305BF95C7470}"
EndProject
Global
	GlobalSection(SolutionConfigurationPlatforms) = preSolution
		Debug|Any CPU = Debug|Any CPU
		Release|Any CPU = Release|Any CPU
	EndGlobalSection
	GlobalSection(ProjectConfigurationPlatforms) = postSolution
		{DA29A6F0-0E2E-4494-8A30-48B053D7BA04}.Debug|Any CPU.ActiveCfg = Debug|Any CPU
		{DA29A6F0-0E2E-4494-8A30-48B053D7BA04}.Debug|Any CPU.Build.0 = Debug|Any CPU
		{DA29A6F0-0E2E-4494-8A30-48B053D7BA04}.Release|Any CPU.ActiveCfg = Release|Any CPU
		{DA29A6F0-0E2E-4494-8A30-48B053D7BA04}.Release|Any CPU.Build.0 = Release|Any CPU
		{96447D12-2A00-46B6-AFA1-3A773421BE4D}.Debug|Any CPU.ActiveCfg = Debug|Any CPU
		{96447D12-2A00-46B6-AFA1-3A773421BE4D}.Debug|Any CPU.Build.0 = Debug|Any CPU
		{96447D12-2A00-46B6-AFA1-3A773421BE4D}.Release|Any CPU.ActiveCfg = Release|Any CPU
		{96447D12-2A00-46B6-AFA1-3A773421BE4D}.Release|Any CPU.Build.0 = Release|Any CPU
		{DCB4BA67-81CF-4570-8989-305BF95C7470}.Debug|Any CPU.ActiveCfg = Debug|Any CPU
		{DCB4BA67-81CF-4570-8989-305BF95C7470}.Debug|Any CPU.Build.0 = Debug|Any CPU
		{DCB4BA67-81CF-4570-8989-305BF95C7470}.Release|Any CPU.ActiveCfg = Release|Any CPU
		{DCB4BA67-81CF-4570-8989-305BF95C7470}.Release|Any CPU.Build.0 = Release|Any CPU
	EndGlobalSection
	GlobalSection(SolutionProperties) = preSolution
		HideSolutionNode = FALSE
	EndGlobalSection
EndGlobal
